# @generated - this file is auto-generated by `mise lock` https://mise.jdx.dev/dev-tools/mise-lock.html

lockfile_version = 2

[[tools.google-java-format]]
version = "1.36.1"
backend = "aqua:google/google-java-format"
specifiers = ["1.36.1"]

[tools.google-java-format."platforms.linux-arm64"]
checksum = "sha256:37d27263fce029fc59aa4e1b556ac6997d0eb2266a38ba2b8746b709f6c77b11"
url = "https://github.com/google/google-java-format/releases/download/v1.36.1/google-java-format_linux-arm64"
url_api = "https://api.github.com/repos/google/google-java-format/releases/assets/495658509"

[tools.google-java-format."platforms.linux-arm64-musl"]
checksum = "sha256:37d27263fce029fc59aa4e1b556ac6997d0eb2266a38ba2b8746b709f6c77b11"
url = "https://github.com/google/google-java-format/releases/download/v1.36.1/google-java-format_linux-arm64"
url_api = "https://api.github.com/repos/google/google-java-format/releases/assets/495658509"

[tools.google-java-format."platforms.linux-x64"]
checksum = "sha256:8dc71663a6c9cb17b02ba9709bfab5c4de59de6f4ac133fd7a1d5a4394b1193b"
url = "https://github.com/google/google-java-format/releases/download/v1.36.1/google-java-format_linux-x86-64"
url_api = "https://api.github.com/repos/google/google-java-format/releases/assets/495658560"

[tools.google-java-format."platforms.linux-x64-musl"]
checksum = "sha256:8dc71663a6c9cb17b02ba9709bfab5c4de59de6f4ac133fd7a1d5a4394b1193b"
url = "https://github.com/google/google-java-format/releases/download/v1.36.1/google-java-format_linux-x86-64"
url_api = "https://api.github.com/repos/google/google-java-format/releases/assets/495658560"

[tools.google-java-format."platforms.macos-arm64"]
checksum = "sha256:572c8be5ea4e15c674f7f9c89f9c0a4b9336950d9c42c07220557e97a4002bce"
url = "https://github.com/google/google-java-format/releases/download/v1.36.1/google-java-format_darwin-arm64"
url_api = "https://api.github.com/repos/google/google-java-format/releases/assets/495658217"

[tools.google-java-format."platforms.windows-x64"]
checksum = "sha256:23a6acedcfd9253da8413984dd1e3aecab32f00543477566d1abe5ae5aab1019"
url = "https://github.com/google/google-java-format/releases/download/v1.36.1/google-java-format_windows-x86-64.exe"
url_api = "https://api.github.com/repos/google/google-java-format/releases/assets/495658633"

[[tools.java]]
version = "21.0.12+101.0.LTS"
backend = "core:java"
specifiers = ["21.0.12+101.0.LTS"]

[tools.java.options]
shorthand_vendor = "temurin"

[tools.java."platforms.linux-arm64"]
checksum = "sha256:23e37e026f12f3e706f18938ff611db3032d075b09d0879a25d06718c773e223"
url = "https://github.com/adoptium/temurin21-binaries/releases/download/jdk-21.0.12.1%2B1/OpenJDK21U-jdk_aarch64_linux_hotspot_21.0.12.1_1.tar.gz"

[tools.java."platforms.linux-arm64-musl"]
checksum = "sha256:8242627927adc90ac2561d0812dd39890ebc21ef09b550bc2e8b93640b8af4f8"
url = "https://github.com/adoptium/temurin21-binaries/releases/download/jdk-21.0.12.1%2B1/OpenJDK21U-jdk_aarch64_alpine-linux_hotspot_21.0.12.1_1.tar.gz"

[tools.java."platforms.linux-x64"]
checksum = "sha256:ce79869e1307ed8ee1e2baa86a412b1eb5b75d10a01006d788a6f968bcfaee94"
url = "https://github.com/adoptium/temurin21-binaries/releases/download/jdk-21.0.12.1%2B1/OpenJDK21U-jdk_x64_linux_hotspot_21.0.12.1_1.tar.gz"

[tools.java."platforms.linux-x64-musl"]
checksum = "sha256:bd8824214e42b33333c7f55a039ea078ad6ea6be20d7c5b011c801fb2bdb44f0"
url = "https://github.com/adoptium/temurin21-binaries/releases/download/jdk-21.0.12.1%2B1/OpenJDK21U-jdk_x64_alpine-linux_hotspot_21.0.12.1_1.tar.gz"

[tools.java."platforms.macos-arm64"]
checksum = "sha256:3623232f33a9c3baadf304480b2535f9a3cba8a58d42ecbb438ba267315d9998"
url = "https://github.com/adoptium/temurin21-binaries/releases/download/jdk-21.0.12.1%2B1/OpenJDK21U-jdk_aarch64_mac_hotspot_21.0.12.1_1.tar.gz"

[tools.java."platforms.macos-x64"]
checksum = "sha256:44db0f08196daf19a47f90d13388b0c943b67663cb537f998fe29e836fa842ce"
url = "https://github.com/adoptium/temurin21-binaries/releases/download/jdk-21.0.12.1%2B1/OpenJDK21U-jdk_x64_mac_hotspot_21.0.12.1_1.tar.gz"

[tools.java."platforms.windows-x64"]
checksum = "sha256:f9d6e191ab098c0d416e7d588a24420a8621cd2f4720dab2459b8b7b2d2d8b4e"
url = "https://github.com/adoptium/temurin21-binaries/releases/download/jdk-21.0.12.1%2B1/OpenJDK21U-jdk_x64_windows_hotspot_21.0.12.1_1.zip"

[[tools.prek]]
version = "0.5.3"
backend = "aqua:j178/prek"
specifiers = ["0.5.3"]

[tools.prek."platforms.linux-arm64"]
checksum = "sha256:4cfc936895e8b4e1e2f92daca61bb7c8eb123bac14585ba9f706b599776cdcc8"
url = "https://github.com/j178/prek/releases/download/v0.5.3/prek-aarch64-unknown-linux-gnu.tar.gz"
url_api = "https://api.github.com/repos/j178/prek/releases/assets/560889195"
provenance = "github-attestations"

[tools.prek."platforms.linux-arm64-musl"]
checksum = "sha256:ad3fe48802a02ec82286ab842c4a09a4e1db765e402f1fcc016f75b6929ec480"
url = "https://github.com/j178/prek/releases/download/v0.5.3/prek-aarch64-unknown-linux-musl.tar.gz"
url_api = "https://api.github.com/repos/j178/prek/releases/assets/560889200"
provenance = "github-attestations"

[tools.prek."platforms.linux-x64"]
checksum = "sha256:c1475ddc56df0003c780557d9b52273d9eb19c9ef8d91143f3ce03511182a36e"
url = "https://github.com/j178/prek/releases/download/v0.5.3/prek-x86_64-unknown-linux-gnu.tar.gz"
url_api = "https://api.github.com/repos/j178/prek/releases/assets/560889224"
provenance = "github-attestations"

[tools.prek."platforms.linux-x64-musl"]
checksum = "sha256:d4eae1f31c0817d0a9bfa532d4bb66df60a8b01f121def002021915e826c3d1f"
url = "https://github.com/j178/prek/releases/download/v0.5.3/prek-x86_64-unknown-linux-musl.tar.gz"
url_api = "https://api.github.com/repos/j178/prek/releases/assets/560889232"
provenance = "github-attestations"

[tools.prek."platforms.macos-arm64"]
checksum = "sha256:6006cc4e69cfc86d55f4e407ca60ba960a521befa54fece94038639b1f4de381"
url = "https://github.com/j178/prek/releases/download/v0.5.3/prek-aarch64-apple-darwin.tar.gz"
url_api = "https://api.github.com/repos/j178/prek/releases/assets/560889174"
provenance = "github-attestations"

[tools.prek."platforms.macos-x64"]
checksum = "sha256:874f05d12e7cb672758295b5253dfd05aadad3c2bcaa42ae712b917294629b07"
url = "https://github.com/j178/prek/releases/download/v0.5.3/prek-x86_64-apple-darwin.tar.gz"
url_api = "https://api.github.com/repos/j178/prek/releases/assets/560889217"
provenance = "github-attestations"

[tools.prek."platforms.windows-x64"]
checksum = "sha256:c15a5636bf93a3937507d8da2302b074b0946b3d35882471b002ea93586728d8"
url = "https://github.com/j178/prek/releases/download/v0.5.3/prek-x86_64-pc-windows-msvc.zip"
url_api = "https://api.github.com/repos/j178/prek/releases/assets/560889220"
provenance = "github-attestations"

[[tools.python]]
version = "3.14.7"
backend = "core:python"
specifiers = ["3.14.7"]

[tools.python."platforms.linux-arm64"]
checksum = "sha256:8a0798baa8a2c27b5751d590aced543eaa85e20b3f73d93c1af049688acdc9c5"
url = "https://github.com/astral-sh/python-build-standalone/releases/download/20260901/cpython-3.14.7+20260901-aarch64-unknown-linux-gnu-install_only_stripped.tar.gz"
provenance = "github-attestations"

[tools.python."platforms.linux-arm64-musl"]
checksum = "sha256:701c31d72187242302922a29f3bc6023ceb68b6b68fb8d4ed7568d1e6ef34548"
url = "https://github.com/astral-sh/python-build-standalone/releases/download/20260901/cpython-3.14.7+20260901-aarch64-unknown-linux-musl-install_only_stripped.tar.gz"
provenance = "github-attestations"

[tools.python."platforms.linux-x64"]
checksum = "sha256:3959f92825141e04adf44982d3a83ee57af0877e893b0796e04c1468749d9b04"
url = "https://github.com/astral-sh/python-build-standalone/releases/download/20260901/cpython-3.14.7+20260901-x86_64-unknown-linux-gnu-install_only_stripped.tar.gz"
provenance = "github-attestations"

[tools.python."platforms.linux-x64-musl"]
checksum = "sha256:c773f8a7357c0d1a29e208a14bc16386731ca9c0d2e51f1b6741967fb0632cdc"
url = "https://github.com/astral-sh/python-build-standalone/releases/download/20260901/cpython-3.14.7+20260901-x86_64-unknown-linux-musl-install_only_stripped.tar.gz"
provenance = "github-attestations"

[tools.python."platforms.macos-arm64"]
checksum = "sha256:4632cb1a6edad9e73d3c81b6d2e69131637d995173e3e85005df14102b0592ba"
url = "https://github.com/astral-sh/python-build-standalone/releases/download/20260901/cpython-3.14.7+20260901-aarch64-apple-darwin-install_only_stripped.tar.gz"
provenance = "github-attestations"

[tools.python."platforms.macos-x64"]
checksum = "sha256:7e151a7c9028855b61a7d6e78381f2020a1ef185281399f3b1aafc5e1c9a1a64"
url = "https://github.com/astral-sh/python-build-standalone/releases/download/20260901/cpython-3.14.7+20260901-x86_64-apple-darwin-install_only_stripped.tar.gz"
provenance = "github-attestations"

[tools.python."platforms.windows-x64"]
checksum = "sha256:ca3c33ca924dfcab3b74205a7a58a88b0255135c53f95497b26b5e60700fd66d"
url = "https://github.com/astral-sh/python-build-standalone/releases/download/20260901/cpython-3.14.7+20260901-x86_64-pc-windows-msvc-install_only_stripped.tar.gz"
provenance = "github-attestations"
