# @generated - this file is auto-generated by `mise lock` https://mise.jdx.dev/dev-tools/mise-lock.html

lockfile_version = 2

[conda-packages.linux-arm64."_openmp_mutex-4.5-20_gnu"]
url = "https://conda.anaconda.org/conda-forge/linux-aarch64/_openmp_mutex-4.5-20_gnu.conda"
checksum = "sha256:a2527b1d81792a0ccd2c05850960df119c2b6d8f5fdec97f2db7d25dc23b1068"

[conda-packages.linux-arm64."icu-78.3-py311h3512406_2"]
url = "https://conda.anaconda.org/conda-forge/linux-aarch64/icu-78.3-py311h3512406_2.conda"
checksum = "sha256:54d921defd947adb58a90e10203d3bfe6c1f209f5f1a1ad2c6a9f7617f2fb59e"

[conda-packages.linux-arm64."libgcc-16.2.0-h205dda4_5"]
url = "https://conda.anaconda.org/conda-forge/linux-aarch64/libgcc-16.2.0-h205dda4_5.conda"
checksum = "sha256:e39d4701155a133927a90843165c0ac7f5ac5c2f684fb4ad83862f16a8ed4e6d"

[conda-packages.linux-arm64."libgomp-16.2.0-h8acb6b2_5"]
url = "https://conda.anaconda.org/conda-forge/linux-aarch64/libgomp-16.2.0-h8acb6b2_5.conda"
checksum = "sha256:4f50ea4061b3e7c59f98be9c7f0621bc086d392219f9e349f350b89274200d91"

[conda-packages.linux-arm64."libsqlite-3.53.4-h399dd60_1"]
url = "https://conda.anaconda.org/conda-forge/linux-aarch64/libsqlite-3.53.4-h399dd60_1.conda"
checksum = "sha256:fae75e68e9dbc3c90dcf93d4bae6315f1330c95aaf1404a721e8468266c23475"

[conda-packages.linux-arm64."libstdcxx-16.2.0-hef695bb_5"]
url = "https://conda.anaconda.org/conda-forge/linux-aarch64/libstdcxx-16.2.0-hef695bb_5.conda"
checksum = "sha256:aaac28ea86cc162a2e1719165d1fcab915e796f403482f32d8af11d99dcb7ed9"

[conda-packages.linux-arm64."libzlib-1.3.2-hdc9db2a_3"]
url = "https://conda.anaconda.org/conda-forge/linux-aarch64/libzlib-1.3.2-hdc9db2a_3.conda"
checksum = "sha256:76efa6cc9d7e6f5ee3bbca0939f64054af2bdfb3c3632531f8e633cf6c2ea41e"

[conda-packages.linux-arm64."ncurses-6.6-h2b6f883_1"]
url = "https://conda.anaconda.org/conda-forge/linux-aarch64/ncurses-6.6-h2b6f883_1.conda"
checksum = "sha256:d69a04914139627f0a6bfd19412d6c7f1e37edc896af84a6011e07e8bc1e69fa"

[conda-packages.linux-arm64."readline-8.3-ha7194a6_1"]
url = "https://conda.anaconda.org/conda-forge/linux-aarch64/readline-8.3-ha7194a6_1.conda"
checksum = "sha256:80167dcf73a96b6d0c1bb2298d7b8b9bc21b27cc5bf56979f9c548b49a4d1722"

[conda-packages.linux-arm64-musl."_openmp_mutex-4.5-20_gnu"]
url = "https://conda.anaconda.org/conda-forge/linux-aarch64/_openmp_mutex-4.5-20_gnu.conda"
checksum = "sha256:a2527b1d81792a0ccd2c05850960df119c2b6d8f5fdec97f2db7d25dc23b1068"

[conda-packages.linux-arm64-musl."icu-78.3-py311h3512406_2"]
url = "https://conda.anaconda.org/conda-forge/linux-aarch64/icu-78.3-py311h3512406_2.conda"
checksum = "sha256:54d921defd947adb58a90e10203d3bfe6c1f209f5f1a1ad2c6a9f7617f2fb59e"

[conda-packages.linux-arm64-musl."libgcc-16.2.0-h205dda4_5"]
url = "https://conda.anaconda.org/conda-forge/linux-aarch64/libgcc-16.2.0-h205dda4_5.conda"
checksum = "sha256:e39d4701155a133927a90843165c0ac7f5ac5c2f684fb4ad83862f16a8ed4e6d"

[conda-packages.linux-arm64-musl."libgomp-16.2.0-h8acb6b2_5"]
url = "https://conda.anaconda.org/conda-forge/linux-aarch64/libgomp-16.2.0-h8acb6b2_5.conda"
checksum = "sha256:4f50ea4061b3e7c59f98be9c7f0621bc086d392219f9e349f350b89274200d91"

[conda-packages.linux-arm64-musl."libsqlite-3.53.4-h399dd60_1"]
url = "https://conda.anaconda.org/conda-forge/linux-aarch64/libsqlite-3.53.4-h399dd60_1.conda"
checksum = "sha256:fae75e68e9dbc3c90dcf93d4bae6315f1330c95aaf1404a721e8468266c23475"

[conda-packages.linux-arm64-musl."libstdcxx-16.2.0-hef695bb_5"]
url = "https://conda.anaconda.org/conda-forge/linux-aarch64/libstdcxx-16.2.0-hef695bb_5.conda"
checksum = "sha256:aaac28ea86cc162a2e1719165d1fcab915e796f403482f32d8af11d99dcb7ed9"

[conda-packages.linux-arm64-musl."libzlib-1.3.2-hdc9db2a_3"]
url = "https://conda.anaconda.org/conda-forge/linux-aarch64/libzlib-1.3.2-hdc9db2a_3.conda"
checksum = "sha256:76efa6cc9d7e6f5ee3bbca0939f64054af2bdfb3c3632531f8e633cf6c2ea41e"

[conda-packages.linux-arm64-musl."ncurses-6.6-h2b6f883_1"]
url = "https://conda.anaconda.org/conda-forge/linux-aarch64/ncurses-6.6-h2b6f883_1.conda"
checksum = "sha256:d69a04914139627f0a6bfd19412d6c7f1e37edc896af84a6011e07e8bc1e69fa"

[conda-packages.linux-arm64-musl."readline-8.3-ha7194a6_1"]
url = "https://conda.anaconda.org/conda-forge/linux-aarch64/readline-8.3-ha7194a6_1.conda"
checksum = "sha256:80167dcf73a96b6d0c1bb2298d7b8b9bc21b27cc5bf56979f9c548b49a4d1722"

[conda-packages.linux-x64."_openmp_mutex-4.5-20_gnu"]
url = "https://conda.anaconda.org/conda-forge/linux-64/_openmp_mutex-4.5-20_gnu.conda"
checksum = "sha256:1dd3fffd892081df9726d7eb7e0dea6198962ba775bd88842135a4ddb4deb3c9"

[conda-packages.linux-x64."icu-78.3-py310h44b86e0_2"]
url = "https://conda.anaconda.org/conda-forge/linux-64/icu-78.3-py310h44b86e0_2.conda"
checksum = "sha256:9f07834f0c546ab14d885ce0366285f61f44e326c0edd1fc63b8294e113ae432"

[conda-packages.linux-x64."libgcc-16.2.0-ha9f2e26_5"]
url = "https://conda.anaconda.org/conda-forge/linux-64/libgcc-16.2.0-ha9f2e26_5.conda"
checksum = "sha256:33d1b5d57c5a55a474330c5ec41fe7001a5aa600d9639389e8ce5edafae216a4"

[conda-packages.linux-x64."libgomp-16.2.0-he0feb66_5"]
url = "https://conda.anaconda.org/conda-forge/linux-64/libgomp-16.2.0-he0feb66_5.conda"
checksum = "sha256:224a5a09e258a1a257089a9af310e9336e1d36834959718a9fab8679742dd822"

[conda-packages.linux-x64."libsqlite-3.53.4-h13e7031_1"]
url = "https://conda.anaconda.org/conda-forge/linux-64/libsqlite-3.53.4-h13e7031_1.conda"
checksum = "sha256:f20d70da54e5b31dd4a51fb1efeaafafd5ab6dd8d7ac9d1438eaa2526ac4ed3d"

[conda-packages.linux-x64."libstdcxx-16.2.0-h934c35e_5"]
url = "https://conda.anaconda.org/conda-forge/linux-64/libstdcxx-16.2.0-h934c35e_5.conda"
checksum = "sha256:38cadde30fad8f7c101f9eec79f60bf03fc99310c7195d23f8b30832516d666f"

[conda-packages.linux-x64."libzlib-1.3.2-h25fd6f3_3"]
url = "https://conda.anaconda.org/conda-forge/linux-64/libzlib-1.3.2-h25fd6f3_3.conda"
checksum = "sha256:eb8a0db0aa570124f7d2a93d7c7f596e3390df5e047818d873baad32985fc736"

[conda-packages.linux-x64."ncurses-6.6-hdb14827_1"]
url = "https://conda.anaconda.org/conda-forge/linux-64/ncurses-6.6-hdb14827_1.conda"
checksum = "sha256:5d46557214ed184381dafe835b7c94a474a1c3b307a08a250b1ea4779b44ffb3"

[conda-packages.linux-x64."readline-8.3-hd6e31c0_1"]
url = "https://conda.anaconda.org/conda-forge/linux-64/readline-8.3-hd6e31c0_1.conda"
checksum = "sha256:01b3fe073a66e321970d09e04b388708f8cbdca5cdfbfcb7c9eeb470ad10383d"

[conda-packages.linux-x64-musl."_openmp_mutex-4.5-20_gnu"]
url = "https://conda.anaconda.org/conda-forge/linux-64/_openmp_mutex-4.5-20_gnu.conda"
checksum = "sha256:1dd3fffd892081df9726d7eb7e0dea6198962ba775bd88842135a4ddb4deb3c9"

[conda-packages.linux-x64-musl."icu-78.3-py310h44b86e0_2"]
url = "https://conda.anaconda.org/conda-forge/linux-64/icu-78.3-py310h44b86e0_2.conda"
checksum = "sha256:9f07834f0c546ab14d885ce0366285f61f44e326c0edd1fc63b8294e113ae432"

[conda-packages.linux-x64-musl."libgcc-16.2.0-ha9f2e26_5"]
url = "https://conda.anaconda.org/conda-forge/linux-64/libgcc-16.2.0-ha9f2e26_5.conda"
checksum = "sha256:33d1b5d57c5a55a474330c5ec41fe7001a5aa600d9639389e8ce5edafae216a4"

[conda-packages.linux-x64-musl."libgomp-16.2.0-he0feb66_5"]
url = "https://conda.anaconda.org/conda-forge/linux-64/libgomp-16.2.0-he0feb66_5.conda"
checksum = "sha256:224a5a09e258a1a257089a9af310e9336e1d36834959718a9fab8679742dd822"

[conda-packages.linux-x64-musl."libsqlite-3.53.4-h13e7031_1"]
url = "https://conda.anaconda.org/conda-forge/linux-64/libsqlite-3.53.4-h13e7031_1.conda"
checksum = "sha256:f20d70da54e5b31dd4a51fb1efeaafafd5ab6dd8d7ac9d1438eaa2526ac4ed3d"

[conda-packages.linux-x64-musl."libstdcxx-16.2.0-h934c35e_5"]
url = "https://conda.anaconda.org/conda-forge/linux-64/libstdcxx-16.2.0-h934c35e_5.conda"
checksum = "sha256:38cadde30fad8f7c101f9eec79f60bf03fc99310c7195d23f8b30832516d666f"

[conda-packages.linux-x64-musl."libzlib-1.3.2-h25fd6f3_3"]
url = "https://conda.anaconda.org/conda-forge/linux-64/libzlib-1.3.2-h25fd6f3_3.conda"
checksum = "sha256:eb8a0db0aa570124f7d2a93d7c7f596e3390df5e047818d873baad32985fc736"

[conda-packages.linux-x64-musl."ncurses-6.6-hdb14827_1"]
url = "https://conda.anaconda.org/conda-forge/linux-64/ncurses-6.6-hdb14827_1.conda"
checksum = "sha256:5d46557214ed184381dafe835b7c94a474a1c3b307a08a250b1ea4779b44ffb3"

[conda-packages.linux-x64-musl."readline-8.3-hd6e31c0_1"]
url = "https://conda.anaconda.org/conda-forge/linux-64/readline-8.3-hd6e31c0_1.conda"
checksum = "sha256:01b3fe073a66e321970d09e04b388708f8cbdca5cdfbfcb7c9eeb470ad10383d"

[conda-packages.macos-arm64."icu-78.3-py310h579977c_2"]
url = "https://conda.anaconda.org/conda-forge/osx-arm64/icu-78.3-py310h579977c_2.conda"
checksum = "sha256:6cdb5dee54c72e56ab189fb3ad33cb28533553d42590e7e831160248f4416a43"

[conda-packages.macos-arm64."libsqlite-3.53.4-hca69786_1"]
url = "https://conda.anaconda.org/conda-forge/osx-arm64/libsqlite-3.53.4-hca69786_1.conda"
checksum = "sha256:839b31d4830e896b4d315b551d27f2bb08026bc946df04bcc360d8627c3ba2cd"

[conda-packages.macos-arm64."libzlib-1.3.2-h8088a28_3"]
url = "https://conda.anaconda.org/conda-forge/osx-arm64/libzlib-1.3.2-h8088a28_3.conda"
checksum = "sha256:a18fa5d5bac452401459f966cf0d872224e8080c4ff93c77e168d43ab42ef9d7"

[conda-packages.macos-arm64."ncurses-6.6-he64c551_1"]
url = "https://conda.anaconda.org/conda-forge/osx-arm64/ncurses-6.6-he64c551_1.conda"
checksum = "sha256:7024a48c8c0d0114ed4ab53c76bf9275d50e91ba7cea367a9aead638d3c29c68"

[conda-packages.macos-arm64."readline-8.3-h8b90a29_1"]
url = "https://conda.anaconda.org/conda-forge/osx-arm64/readline-8.3-h8b90a29_1.conda"
checksum = "sha256:d6782b430e6dce4fe8c7ac118cd988d5a193eb4a7f60741edfaede58016b6110"

[conda-packages.macos-x64."libsqlite-3.53.4-ha5db789_1"]
url = "https://conda.anaconda.org/conda-forge/osx-64/libsqlite-3.53.4-ha5db789_1.conda"
checksum = "sha256:78afe0bf88da66d7df62d39632aa69cb73eb32d923cd1175230ce2978618d9c8"

[conda-packages.macos-x64."libzlib-1.3.2-hbb4bfdb_3"]
url = "https://conda.anaconda.org/conda-forge/osx-64/libzlib-1.3.2-hbb4bfdb_3.conda"
checksum = "sha256:b2dba286dd6632292b12296e761193b5ef9fb0eaeecaa481f5ba9af72c0c18e1"

[conda-packages.macos-x64."ncurses-6.6-hcc0dc9a_1"]
url = "https://conda.anaconda.org/conda-forge/osx-64/ncurses-6.6-hcc0dc9a_1.conda"
checksum = "sha256:12c1d676b9a0e8109b576672519312c5428308f3f3d7706f8717e2f536d5d9e7"

[conda-packages.macos-x64."readline-8.3-h000c2f7_1"]
url = "https://conda.anaconda.org/conda-forge/osx-64/readline-8.3-h000c2f7_1.conda"
checksum = "sha256:feb9248a062b7a0738e56339d8c9e87bc9adf8e8c76549fb55b0b2456bec3a57"

[conda-packages.windows-x64."libsqlite-3.53.4-hf5d6505_1"]
url = "https://conda.anaconda.org/conda-forge/win-64/libsqlite-3.53.4-hf5d6505_1.conda"
checksum = "sha256:0a45d7c0f20146fff787a106f8fa187872e309c70975ff8f0936e188914c26ad"

[conda-packages.windows-x64."ucrt-10.0.26100.0-h57928b3_0"]
url = "https://conda.anaconda.org/conda-forge/win-64/ucrt-10.0.26100.0-h57928b3_0.conda"
checksum = "sha256:3005729dce6f3d3f5ec91dfc49fc75a0095f9cd23bab49efb899657297ac91a5"

[conda-packages.windows-x64."vc-14.5-ha367084_41"]
url = "https://conda.anaconda.org/conda-forge/win-64/vc-14.5-ha367084_41.conda"
checksum = "sha256:35444c55a92e2f7f7ba26bc70f81e56e52344f7d064c0fd4b40a46a58517b79c"

[conda-packages.windows-x64."vc14_runtime-14.51.36247-habf1de7_41"]
url = "https://conda.anaconda.org/conda-forge/win-64/vc14_runtime-14.51.36247-habf1de7_41.conda"
checksum = "sha256:4e4cb599cdc41bf2109d1464c127b5bcbddf548ce3e322e612afb691338b48f8"

[conda-packages.windows-x64."vcomp14-14.51.36247-habf1de7_41"]
url = "https://conda.anaconda.org/conda-forge/win-64/vcomp14-14.51.36247-habf1de7_41.conda"
checksum = "sha256:731e043390c9457299484d39e427221fc868a9249540a498a5a4f6456c7744d1"

[[tools.google-java-format]]
version = "1.36.1"
backend = "aqua:google/google-java-format"
specifiers = ["1.36.1"]

[tools.google-java-format."platforms.linux-arm64"]
checksum = "sha256:37d27263fce029fc59aa4e1b556ac6997d0eb2266a38ba2b8746b709f6c77b11"
url = "https://github.com/google/google-java-format/releases/download/v1.36.1/google-java-format_linux-arm64"
url_api = "https://api.github.com/repos/google/google-java-format/releases/assets/495658509"

[tools.google-java-format."platforms.linux-arm64-musl"]
checksum = "sha256:37d27263fce029fc59aa4e1b556ac6997d0eb2266a38ba2b8746b709f6c77b11"
url = "https://github.com/google/google-java-format/releases/download/v1.36.1/google-java-format_linux-arm64"
url_api = "https://api.github.com/repos/google/google-java-format/releases/assets/495658509"

[tools.google-java-format."platforms.linux-x64"]
checksum = "sha256:8dc71663a6c9cb17b02ba9709bfab5c4de59de6f4ac133fd7a1d5a4394b1193b"
url = "https://github.com/google/google-java-format/releases/download/v1.36.1/google-java-format_linux-x86-64"
url_api = "https://api.github.com/repos/google/google-java-format/releases/assets/495658560"

[tools.google-java-format."platforms.linux-x64-musl"]
checksum = "sha256:8dc71663a6c9cb17b02ba9709bfab5c4de59de6f4ac133fd7a1d5a4394b1193b"
url = "https://github.com/google/google-java-format/releases/download/v1.36.1/google-java-format_linux-x86-64"
url_api = "https://api.github.com/repos/google/google-java-format/releases/assets/495658560"

[tools.google-java-format."platforms.macos-arm64"]
checksum = "sha256:572c8be5ea4e15c674f7f9c89f9c0a4b9336950d9c42c07220557e97a4002bce"
url = "https://github.com/google/google-java-format/releases/download/v1.36.1/google-java-format_darwin-arm64"
url_api = "https://api.github.com/repos/google/google-java-format/releases/assets/495658217"

[tools.google-java-format."platforms.windows-x64"]
checksum = "sha256:23a6acedcfd9253da8413984dd1e3aecab32f00543477566d1abe5ae5aab1019"
url = "https://github.com/google/google-java-format/releases/download/v1.36.1/google-java-format_windows-x86-64.exe"
url_api = "https://api.github.com/repos/google/google-java-format/releases/assets/495658633"

[[tools.java]]
version = "21.0.12+101.0.LTS"
backend = "core:java"
specifiers = ["21.0.12+101.0.LTS"]

[tools.java.options]
shorthand_vendor = "temurin"

[tools.java."platforms.linux-arm64"]
checksum = "sha256:23e37e026f12f3e706f18938ff611db3032d075b09d0879a25d06718c773e223"
url = "https://github.com/adoptium/temurin21-binaries/releases/download/jdk-21.0.12.1%2B1/OpenJDK21U-jdk_aarch64_linux_hotspot_21.0.12.1_1.tar.gz"

[tools.java."platforms.linux-arm64-musl"]
checksum = "sha256:8242627927adc90ac2561d0812dd39890ebc21ef09b550bc2e8b93640b8af4f8"
url = "https://github.com/adoptium/temurin21-binaries/releases/download/jdk-21.0.12.1%2B1/OpenJDK21U-jdk_aarch64_alpine-linux_hotspot_21.0.12.1_1.tar.gz"

[tools.java."platforms.linux-x64"]
checksum = "sha256:ce79869e1307ed8ee1e2baa86a412b1eb5b75d10a01006d788a6f968bcfaee94"
url = "https://github.com/adoptium/temurin21-binaries/releases/download/jdk-21.0.12.1%2B1/OpenJDK21U-jdk_x64_linux_hotspot_21.0.12.1_1.tar.gz"

[tools.java."platforms.linux-x64-musl"]
checksum = "sha256:bd8824214e42b33333c7f55a039ea078ad6ea6be20d7c5b011c801fb2bdb44f0"
url = "https://github.com/adoptium/temurin21-binaries/releases/download/jdk-21.0.12.1%2B1/OpenJDK21U-jdk_x64_alpine-linux_hotspot_21.0.12.1_1.tar.gz"

[tools.java."platforms.macos-arm64"]
checksum = "sha256:3623232f33a9c3baadf304480b2535f9a3cba8a58d42ecbb438ba267315d9998"
url = "https://github.com/adoptium/temurin21-binaries/releases/download/jdk-21.0.12.1%2B1/OpenJDK21U-jdk_aarch64_mac_hotspot_21.0.12.1_1.tar.gz"

[tools.java."platforms.macos-x64"]
checksum = "sha256:44db0f08196daf19a47f90d13388b0c943b67663cb537f998fe29e836fa842ce"
url = "https://github.com/adoptium/temurin21-binaries/releases/download/jdk-21.0.12.1%2B1/OpenJDK21U-jdk_x64_mac_hotspot_21.0.12.1_1.tar.gz"

[tools.java."platforms.windows-x64"]
checksum = "sha256:f9d6e191ab098c0d416e7d588a24420a8621cd2f4720dab2459b8b7b2d2d8b4e"
url = "https://github.com/adoptium/temurin21-binaries/releases/download/jdk-21.0.12.1%2B1/OpenJDK21U-jdk_x64_windows_hotspot_21.0.12.1_1.zip"

[[tools.prek]]
version = "0.5.3"
backend = "aqua:j178/prek"
specifiers = ["0.5.3"]

[tools.prek."platforms.linux-arm64"]
checksum = "sha256:4cfc936895e8b4e1e2f92daca61bb7c8eb123bac14585ba9f706b599776cdcc8"
url = "https://github.com/j178/prek/releases/download/v0.5.3/prek-aarch64-unknown-linux-gnu.tar.gz"
url_api = "https://api.github.com/repos/j178/prek/releases/assets/560889195"
provenance = "github-attestations"

[tools.prek."platforms.linux-arm64-musl"]
checksum = "sha256:ad3fe48802a02ec82286ab842c4a09a4e1db765e402f1fcc016f75b6929ec480"
url = "https://github.com/j178/prek/releases/download/v0.5.3/prek-aarch64-unknown-linux-musl.tar.gz"
url_api = "https://api.github.com/repos/j178/prek/releases/assets/560889200"
provenance = "github-attestations"

[tools.prek."platforms.linux-x64"]
checksum = "sha256:c1475ddc56df0003c780557d9b52273d9eb19c9ef8d91143f3ce03511182a36e"
url = "https://github.com/j178/prek/releases/download/v0.5.3/prek-x86_64-unknown-linux-gnu.tar.gz"
url_api = "https://api.github.com/repos/j178/prek/releases/assets/560889224"
provenance = "github-attestations"

[tools.prek."platforms.linux-x64-musl"]
checksum = "sha256:d4eae1f31c0817d0a9bfa532d4bb66df60a8b01f121def002021915e826c3d1f"
url = "https://github.com/j178/prek/releases/download/v0.5.3/prek-x86_64-unknown-linux-musl.tar.gz"
url_api = "https://api.github.com/repos/j178/prek/releases/assets/560889232"
provenance = "github-attestations"

[tools.prek."platforms.macos-arm64"]
checksum = "sha256:6006cc4e69cfc86d55f4e407ca60ba960a521befa54fece94038639b1f4de381"
url = "https://github.com/j178/prek/releases/download/v0.5.3/prek-aarch64-apple-darwin.tar.gz"
url_api = "https://api.github.com/repos/j178/prek/releases/assets/560889174"
provenance = "github-attestations"

[tools.prek."platforms.macos-x64"]
checksum = "sha256:874f05d12e7cb672758295b5253dfd05aadad3c2bcaa42ae712b917294629b07"
url = "https://github.com/j178/prek/releases/download/v0.5.3/prek-x86_64-apple-darwin.tar.gz"
url_api = "https://api.github.com/repos/j178/prek/releases/assets/560889217"
provenance = "github-attestations"

[tools.prek."platforms.windows-x64"]
checksum = "sha256:c15a5636bf93a3937507d8da2302b074b0946b3d35882471b002ea93586728d8"
url = "https://github.com/j178/prek/releases/download/v0.5.3/prek-x86_64-pc-windows-msvc.zip"
url_api = "https://api.github.com/repos/j178/prek/releases/assets/560889220"
provenance = "github-attestations"

[[tools.sqlite]]
version = "3.53.4"
backend = "conda:sqlite"
specifiers = ["3.53.4"]

[tools.sqlite.options]
channel = "conda-forge"

[tools.sqlite."platforms.linux-arm64"]
checksum = "sha256:551c79a5cf720c1302bc201f8633c27954a5daeb67be3719023a24ac8fd9f818"
url = "https://conda.anaconda.org/conda-forge/linux-aarch64/sqlite-3.53.4-h6ce2f9a_1.conda"
conda_deps = [
    "libsqlite-3.53.4-h399dd60_1",
    "icu-78.3-py311h3512406_2",
    "libgcc-16.2.0-h205dda4_5",
    "libstdcxx-16.2.0-hef695bb_5",
    "libzlib-1.3.2-hdc9db2a_3",
    "ncurses-6.6-h2b6f883_1",
    "readline-8.3-ha7194a6_1",
    "_openmp_mutex-4.5-20_gnu",
    "libgomp-16.2.0-h8acb6b2_5",
]

[tools.sqlite."platforms.linux-arm64-musl"]
checksum = "sha256:551c79a5cf720c1302bc201f8633c27954a5daeb67be3719023a24ac8fd9f818"
url = "https://conda.anaconda.org/conda-forge/linux-aarch64/sqlite-3.53.4-h6ce2f9a_1.conda"
conda_deps = [
    "libsqlite-3.53.4-h399dd60_1",
    "icu-78.3-py311h3512406_2",
    "libgcc-16.2.0-h205dda4_5",
    "libstdcxx-16.2.0-hef695bb_5",
    "libzlib-1.3.2-hdc9db2a_3",
    "ncurses-6.6-h2b6f883_1",
    "readline-8.3-ha7194a6_1",
    "_openmp_mutex-4.5-20_gnu",
    "libgomp-16.2.0-h8acb6b2_5",
]

[tools.sqlite."platforms.linux-x64"]
checksum = "sha256:b01812eff4e950a73933cb3dc14647a97ee377c7fab4858495b80a749ebfbf8b"
url = "https://conda.anaconda.org/conda-forge/linux-64/sqlite-3.53.4-h9ffa6c4_1.conda"
conda_deps = [
    "libsqlite-3.53.4-h13e7031_1",
    "libzlib-1.3.2-h25fd6f3_3",
    "ncurses-6.6-hdb14827_1",
    "readline-8.3-hd6e31c0_1",
    "icu-78.3-py310h44b86e0_2",
    "libgcc-16.2.0-ha9f2e26_5",
    "libstdcxx-16.2.0-h934c35e_5",
    "_openmp_mutex-4.5-20_gnu",
    "libgomp-16.2.0-he0feb66_5",
]

[tools.sqlite."platforms.linux-x64-musl"]
checksum = "sha256:b01812eff4e950a73933cb3dc14647a97ee377c7fab4858495b80a749ebfbf8b"
url = "https://conda.anaconda.org/conda-forge/linux-64/sqlite-3.53.4-h9ffa6c4_1.conda"
conda_deps = [
    "libsqlite-3.53.4-h13e7031_1",
    "libzlib-1.3.2-h25fd6f3_3",
    "ncurses-6.6-hdb14827_1",
    "readline-8.3-hd6e31c0_1",
    "icu-78.3-py310h44b86e0_2",
    "libgcc-16.2.0-ha9f2e26_5",
    "libstdcxx-16.2.0-h934c35e_5",
    "_openmp_mutex-4.5-20_gnu",
    "libgomp-16.2.0-he0feb66_5",
]

[tools.sqlite."platforms.macos-arm64"]
checksum = "sha256:4e0c8704a29b6c265e7bdb6508e1d4180570adcc6e031daf182578d3777fb8b1"
url = "https://conda.anaconda.org/conda-forge/osx-arm64/sqlite-3.53.4-ha9f7ffe_1.conda"
conda_deps = [
    "libsqlite-3.53.4-hca69786_1",
    "libzlib-1.3.2-h8088a28_3",
    "ncurses-6.6-he64c551_1",
    "readline-8.3-h8b90a29_1",
    "icu-78.3-py310h579977c_2",
]

[tools.sqlite."platforms.macos-x64"]
checksum = "sha256:eada66c9946b1feaff5c50b63902305836f09532a71ccf6461e73dc75b28018e"
url = "https://conda.anaconda.org/conda-forge/osx-64/sqlite-3.53.4-hdea7a7b_1.conda"
conda_deps = [
    "libsqlite-3.53.4-ha5db789_1",
    "libzlib-1.3.2-hbb4bfdb_3",
    "ncurses-6.6-hcc0dc9a_1",
    "readline-8.3-h000c2f7_1",
]

[tools.sqlite."platforms.windows-x64"]
checksum = "sha256:7616fec2d6ded67e111a47d4842738d0b3730c0acf3eaebe928cf6d3e15a6822"
url = "https://conda.anaconda.org/conda-forge/win-64/sqlite-3.53.4-hdb435a2_1.conda"
conda_deps = [
    "libsqlite-3.53.4-hf5d6505_1",
    "ucrt-10.0.26100.0-h57928b3_0",
    "vc-14.5-ha367084_41",
    "vc14_runtime-14.51.36247-habf1de7_41",
    "vcomp14-14.51.36247-habf1de7_41",
]
